
Microsoft Visual Studio Solution File, Format Version 12.00
# Visual Studio Version 17
VisualStudioVersion = 17.5.33502.453
MinimumVisualStudioVersion = 10.0.40219.1
Project("{FAE04EC0-301F-11D3-BF4B-00C04F79EFBC}") = "SalesWebMvc", "SalesWebMvc\SalesWebMvc.csproj", "{52A79587-06A4-46CB-A854-EE3B7EEE43DC}"
EndProject
Global
	GlobalSection(SolutionConfigurationPlatforms) = preSolution
		Debug|Any CPU = Debug|Any CPU
		Release|Any CPU = Release|Any CPU
	EndGlobalSection
	GlobalSection(ProjectConfigurationPlatforms) = postSolution
		{52A79587-06A4-46CB-A854-EE3B7EEE43DC}.Debug|Any CPU.ActiveCfg = Debug|Any CPU
		{52A79587-06A4-46CB-A854-EE3B7EEE43DC}.Debug|Any CPU.Build.0 = Debug|Any CPU
		{52A79587-06A4-46CB-A854-EE3B7EEE43DC}.Release|Any CPU.ActiveCfg = Release|Any CPU
		{52A79587-06A4-46CB-A854-EE3B7EEE43DC}.Release|Any CPU.Build.0 = Release|Any CPU
	EndGlobalSection
	GlobalSection(SolutionProperties) = preSolution
		HideSolutionNode = FALSE
	EndGlobalSection
	GlobalSection(ExtensibilityGlobals) = postSolution
		SolutionGuid = {E16CAC25-2132-49F7-A975-7C69B1958681}
	EndGlobalSection
EndGlobal
