
Microsoft Visual Studio Solution File, Format Version 12.00
# Visual Studio Version 17
VisualStudioVersion = 17.5.33502.453
MinimumVisualStudioVersion = 10.0.40219.1
Project("{FAE04EC0-301F-11D3-BF4B-00C04F79EFBC}") = "SalesWebMvc", "SalesWebMvc\SalesWebMvc.csproj", "{B9FE6D88-258B-43A4-8293-250E626639F8}"
EndProject
Global
	GlobalSection(SolutionConfigurationPlatforms) = preSolution
		Debug|Any CPU = Debug|Any CPU
		Release|Any CPU = Release|Any CPU
	EndGlobalSection
	GlobalSection(ProjectConfigurationPlatforms) = postSolution
		{B9FE6D88-258B-43A4-8293-250E626639F8}.Debug|Any CPU.ActiveCfg = Debug|Any CPU
		{B9FE6D88-258B-43A4-8293-250E626639F8}.Debug|Any CPU.Build.0 = Debug|Any CPU
		{B9FE6D88-258B-43A4-8293-250E626639F8}.Release|Any CPU.ActiveCfg = Release|Any CPU
		{B9FE6D88-258B-43A4-8293-250E626639F8}.Release|Any CPU.Build.0 = Release|Any CPU
	EndGlobalSection
	GlobalSection(SolutionProperties) = preSolution
		HideSolutionNode = FALSE
	EndGlobalSection
	GlobalSection(ExtensibilityGlobals) = postSolution
		SolutionGuid = {421B1819-2821-4A2D-9443-4CD3FDB1DE53}
	EndGlobalSection
EndGlobal
