
Microsoft Visual Studio Solution File, Format Version 12.00
# Visual Studio Version 17
VisualStudioVersion = 17.5.33516.290
MinimumVisualStudioVersion = 10.0.40219.1
Project("{FAE04EC0-301F-11D3-BF4B-00C04F79EFBC}") = "WebSalesMvc", "WebSalesMvc\WebSalesMvc.csproj", "{D774E792-3CB0-4162-9DD9-58D05B6AF225}"
EndProject
Global
	GlobalSection(SolutionConfigurationPlatforms) = preSolution
		Debug|Any CPU = Debug|Any CPU
		Release|Any CPU = Release|Any CPU
	EndGlobalSection
	GlobalSection(ProjectConfigurationPlatforms) = postSolution
		{D774E792-3CB0-4162-9DD9-58D05B6AF225}.Debug|Any CPU.ActiveCfg = Debug|Any CPU
		{D774E792-3CB0-4162-9DD9-58D05B6AF225}.Debug|Any CPU.Build.0 = Debug|Any CPU
		{D774E792-3CB0-4162-9DD9-58D05B6AF225}.Release|Any CPU.ActiveCfg = Release|Any CPU
		{D774E792-3CB0-4162-9DD9-58D05B6AF225}.Release|Any CPU.Build.0 = Release|Any CPU
	EndGlobalSection
	GlobalSection(SolutionProperties) = preSolution
		HideSolutionNode = FALSE
	EndGlobalSection
	GlobalSection(ExtensibilityGlobals) = postSolution
		SolutionGuid = {95FEEA62-2DD1-40FC-869E-B8AEF539D0BB}
	EndGlobalSection
EndGlobal
